// !$*UTF8*$!
{
	archiveVersion = 1;
	classes = {
	};
	objectVersion = 46;
	objects = {

/* Begin PBXBuildFile section */
		A45B78691B335C74002AE5C7 /* main.m in Sources */ = {isa = PBXBuildFile; fileRef = A45B78681B335C74002AE5C7 /* main.m */; };
		A45B786C1B335C74002AE5C7 /* AppDelegate.m in Sources */ = {isa = PBXBuildFile; fileRef = A45B786B1B335C74002AE5C7 /* AppDelegate.m */; };
		A45B786F1B335C74002AE5C7 /* ViewController.m in Sources */ = {isa = PBXBuildFile; fileRef = A45B786E1B335C74002AE5C7 /* ViewController.m */; };
		A45B78721B335C74002AE5C7 /* Main.storyboard in Resources */ = {isa = PBXBuildFile; fileRef = A45B78701B335C74002AE5C7 /* Main.storyboard */; };
		A45B78741B335C74002AE5C7 /* Images.xcassets in Resources */ = {isa = PBXBuildFile; fileRef = A45B78731B335C74002AE5C7 /* Images.xcassets */; };
		A45B78771B335C74002AE5C7 /* LaunchScreen.xib in Resources */ = {isa = PBXBuildFile; fileRef = A45B78751B335C74002AE5C7 /* LaunchScreen.xib */; };
		A45B78831B335C74002AE5C7 /* ChessDeskTests.m in Sources */ = {isa = PBXBuildFile; fileRef = A45B78821B335C74002AE5C7 /* ChessDeskTests.m */; };
/* End PBXBuildFile section */

/* Begin PBXContainerItemProxy section */
		A45B787D1B335C74002AE5C7 /* PBXContainerItemProxy */ = {
			isa = PBXContainerItemProxy;
			containerPortal = A45B785B1B335C74002AE5C7 /* Project object */;
			proxyType = 1;
			remoteGlobalIDString = A45B78621B335C74002AE5C7;
			remoteInfo = ChessDesk;
		};
/* End PBXContainerItemProxy section */

/* Begin PBXFileReference section */
		A45B78631B335C74002AE5C7 /* ChessDesk.app */ = {isa = PBXFileReference; explicitFileType = wrapper.application; includeInIndex = 0; path = ChessDesk.app; sourceTree = BUILT_PRODUCTS_DIR; };
		A45B78671B335C74002AE5C7 /* Info.plist */ = {isa = PBXFileReference; lastKnownFileType = text.plist.xml; path = Info.plist; sourceTree = "<group>"; };
		A45B78681B335C74002AE5C7 /* main.m */ = {isa = PBXFileReference; lastKnownFileType = sourcecode.c.objc; path = main.m; sourceTree = "<group>"; };
		A45B786A1B335C74002AE5C7 /* AppDelegate.h */ = {isa = PBXFileReference; lastKnownFileType = sourcecode.c.h; path = AppDelegate.h; sourceTree = "<group>"; };
		A45B786B1B335C74002AE5C7 /* AppDelegate.m */ = {isa = PBXFileReference; lastKnownFileType = sourcecode.c.objc; path = AppDelegate.m; sourceTree = "<group>"; };
		A45B786D1B335C74002AE5C7 /* ViewController.h */ = {isa = PBXFileReference; lastKnownFileType = sourcecode.c.h; path = ViewController.h; sourceTree = "<group>"; };
		A45B786E1B335C74002AE5C7 /* ViewController.m */ = {isa = PBXFileReference; lastKnownFileType = sourcecode.c.objc; path = ViewController.m; sourceTree = "<group>"; };
		A45B78711B335C74002AE5C7 /* Base */ = {isa = PBXFileReference; lastKnownFileType = file.storyboard; name = Base; path = Base.lproj/Main.storyboard; sourceTree = "<group>"; };
		A45B78731B335C74002AE5C7 /* Images.xcassets */ = {isa = PBXFileReference; lastKnownFileType = folder.assetcatalog; path = Images.xcassets; sourceTree = "<group>"; };
		A45B78761B335C74002AE5C7 /* Base */ = {isa = PBXFileReference; lastKnownFileType = file.xib; name = Base; path = Base.lproj/LaunchScreen.xib; sourceTree = "<group>"; };
		A45B787C1B335C74002AE5C7 /* ChessDeskTests.xctest */ = {isa = PBXFileReference; explicitFileType = wrapper.cfbundle; includeInIndex = 0; path = ChessDeskTests.xctest; sourceTree = BUILT_PRODUCTS_DIR; };
		A45B78811B335C74002AE5C7 /* Info.plist */ = {isa = PBXFileReference; lastKnownFileType = text.plist.xml; path = Info.plist; sourceTree = "<group>"; };
		A45B78821B335C74002AE5C7 /* ChessDeskTests.m */ = {isa = PBXFileReference; lastKnownFileType = sourcecode.c.objc; path = ChessDeskTests.m; sourceTree = "<group>"; };
/* End PBXFileReference section */

/* Begin PBXFrameworksBuildPhase section */
		A45B78601B335C74002AE5C7 /* Frameworks */ = {
			isa = PBXFrameworksBuildPhase;
			buildActionMask = 2147483647;
			files = (
			);
			runOnlyForDeploymentPostprocessing = 0;
		};
		A45B78791B335C74002AE5C7 /* Frameworks */ = {
			isa = PBXFrameworksBuildPhase;
			buildActionMask = 2147483647;
			files = (
			);
			runOnlyForDeploymentPostprocessing = 0;
		};
/* End PBXFrameworksBuildPhase section */

/* Begin PBXGroup section */
		A45B785A1B335C74002AE5C7 = {
			isa = PBXGroup;
			children = (
				A45B78651B335C74002AE5C7 /* ChessDesk */,
				A45B787F1B335C74002AE5C7 /* ChessDeskTests */,
				A45B78641B335C74002AE5C7 /* Products */,
			);
			sourceTree = "<group>";
		};
		A45B78641B335C74002AE5C7 /* Products */ = {
			isa = PBXGroup;
			children = (
				A45B78631B335C74002AE5C7 /* ChessDesk.app */,
				A45B787C1B335C74002AE5C7 /* ChessDeskTests.xctest */,
			);
			name = Products;
			sourceTree = "<group>";
		};
		A45B78651B335C74002AE5C7 /* ChessDesk */ = {
			isa = PBXGroup;
			children = (
				A45B786A1B335C74002AE5C7 /* AppDelegate.h */,
				A45B786B1B335C74002AE5C7 /* AppDelegate.m */,
				A45B786D1B335C74002AE5C7 /* ViewController.h */,
				A45B786E1B335C74002AE5C7 /* ViewController.m */,
				A45B78701B335C74002AE5C7 /* Main.storyboard */,
				A45B78731B335C74002AE5C7 /* Images.xcassets */,
				A45B78751B335C74002AE5C7 /* LaunchScreen.xib */,
				A45B78661B335C74002AE5C7 /* Supporting Files */,
			);
			path = ChessDesk;
			sourceTree = "<group>";
		};
		A45B78661B335C74002AE5C7 /* Supporting Files */ = {
			isa = PBXGroup;
			children = (
				A45B78671B335C74002AE5C7 /* Info.plist */,
				A45B78681B335C74002AE5C7 /* main.m */,
			);
			name = "Supporting Files";
			sourceTree = "<group>";
		};
		A45B787F1B335C74002AE5C7 /* ChessDeskTests */ = {
			isa = PBXGroup;
			children = (
				A45B78821B335C74002AE5C7 /* ChessDeskTests.m */,
				A45B78801B335C74002AE5C7 /* Supporting Files */,
			);
			path = ChessDeskTests;
			sourceTree = "<group>";
		};
		A45B78801B335C74002AE5C7 /* Supporting Files */ = {
			isa = PBXGroup;
			children = (
				A45B78811B335C74002AE5C7 /* Info.plist */,
			);
			name = "Supporting Files";
			sourceTree = "<group>";
		};
/* End PBXGroup section */

/* Begin PBXNativeTarget section */
		A45B78621B335C74002AE5C7 /* ChessDesk */ = {
			isa = PBXNativeTarget;
			buildConfigurationList = A45B78861B335C74002AE5C7 /* Build configuration list for PBXNativeTarget "ChessDesk" */;
			buildPhases = (
				A45B785F1B335C74002AE5C7 /* Sources */,
				A45B78601B335C74002AE5C7 /* Frameworks */,
				A45B78611B335C74002AE5C7 /* Resources */,
			);
			buildRules = (
			);
			dependencies = (
			);
			name = ChessDesk;
			productName = ChessDesk;
			productReference = A45B78631B335C74002AE5C7 /* ChessDesk.app */;
			productType = "com.apple.product-type.application";
		};
		A45B787B1B335C74002AE5C7 /* ChessDeskTests */ = {
			isa = PBXNativeTarget;
			buildConfigurationList = A45B78891B335C74002AE5C7 /* Build configuration list for PBXNativeTarget "ChessDeskTests" */;
			buildPhases = (
				A45B78781B335C74002AE5C7 /* Sources */,
				A45B78791B335C74002AE5C7 /* Frameworks */,
				A45B787A1B335C74002AE5C7 /* Resources */,
			);
			buildRules = (
			);
			dependencies = (
				A45B787E1B335C74002AE5C7 /* PBXTargetDependency */,
			);
			name = ChessDeskTests;
			productName = ChessDeskTests;
			productReference = A45B787C1B335C74002AE5C7 /* ChessDeskTests.xctest */;
			productType = "com.apple.product-type.bundle.unit-test";
		};
/* End PBXNativeTarget section */

/* Begin PBXProject section */
		A45B785B1B335C74002AE5C7 /* Project object */ = {
			isa = PBXProject;
			attributes = {
				LastUpgradeCheck = 0630;
				ORGANIZATIONNAME = "Evgeniy Roldukhin";
				TargetAttributes = {
					A45B78621B335C74002AE5C7 = {
						CreatedOnToolsVersion = 6.3.2;
					};
					A45B787B1B335C74002AE5C7 = {
						CreatedOnToolsVersion = 6.3.2;
						TestTargetID = A45B78621B335C74002AE5C7;
					};
				};
			};
			buildConfigurationList = A45B785E1B335C74002AE5C7 /* Build configuration list for PBXProject "ChessDesk" */;
			compatibilityVersion = "Xcode 3.2";
			developmentRegion = English;
			hasScannedForEncodings = 0;
			knownRegions = (
				en,
				Base,
			);
			mainGroup = A45B785A1B335C74002AE5C7;
			productRefGroup = A45B78641B335C74002AE5C7 /* Products */;
			projectDirPath = "";
			projectRoot = "";
			targets = (
				A45B78621B335C74002AE5C7 /* ChessDesk */,
				A45B787B1B335C74002AE5C7 /* ChessDeskTests */,
			);
		};
/* End PBXProject section */

/* Begin PBXResourcesBuildPhase section */
		A45B78611B335C74002AE5C7 /* Resources */ = {
			isa = PBXResourcesBuildPhase;
			buildActionMask = 2147483647;
			files = (
				A45B78721B335C74002AE5C7 /* Main.storyboard in Resources */,
				A45B78771B335C74002AE5C7 /* LaunchScreen.xib in Resources */,
				A45B78741B335C74002AE5C7 /* Images.xcassets in Resources */,
			);
			runOnlyForDeploymentPostprocessing = 0;
		};
		A45B787A1B335C74002AE5C7 /* Resources */ = {
			isa = PBXResourcesBuildPhase;
			buildActionMask = 2147483647;
			files = (
			);
			runOnlyForDeploymentPostprocessing = 0;
		};
/* End PBXResourcesBuildPhase section */

/* Begin PBXSourcesBuildPhase section */
		A45B785F1B335C74002AE5C7 /* Sources */ = {
			isa = PBXSourcesBuildPhase;
			buildActionMask = 2147483647;
			files = (
				A45B786F1B335C74002AE5C7 /* ViewController.m in Sources */,
				A45B786C1B335C74002AE5C7 /* AppDelegate.m in Sources */,
				A45B78691B335C74002AE5C7 /* main.m in Sources */,
			);
			runOnlyForDeploymentPostprocessing = 0;
		};
		A45B78781B335C74002AE5C7 /* Sources */ = {
			isa = PBXSourcesBuildPhase;
			buildActionMask = 2147483647;
			files = (
				A45B78831B335C74002AE5C7 /* ChessDeskTests.m in Sources */,
			);
			runOnlyForDeploymentPostprocessing = 0;
		};
/* End PBXSourcesBuildPhase section */

/* Begin PBXTargetDependency section */
		A45B787E1B335C74002AE5C7 /* PBXTargetDependency */ = {
			isa = PBXTargetDependency;
			target = A45B78621B335C74002AE5C7 /* ChessDesk */;
			targetProxy = A45B787D1B335C74002AE5C7 /* PBXContainerItemProxy */;
		};
/* End PBXTargetDependency section */

/* Begin PBXVariantGroup section */
		A45B78701B335C74002AE5C7 /* Main.storyboard */ = {
			isa = PBXVariantGroup;
			children = (
				A45B78711B335C74002AE5C7 /* Base */,
			);
			name = Main.storyboard;
			sourceTree = "<group>";
		};
		A45B78751B335C74002AE5C7 /* LaunchScreen.xib */ = {
			isa = PBXVariantGroup;
			children = (
				A45B78761B335C74002AE5C7 /* Base */,
			);
			name = LaunchScreen.xib;
			sourceTree = "<group>";
		};
/* End PBXVariantGroup section */

/* Begin XCBuildConfiguration section */
		A45B78841B335C74002AE5C7 /* Debug */ = {
			isa = XCBuildConfiguration;
			buildSettings = {
				ALWAYS_SEARCH_USER_PATHS = NO;
				CLANG_CXX_LANGUAGE_STANDARD = "gnu++0x";
				CLANG_CXX_LIBRARY = "libc++";
				CLANG_ENABLE_MODULES = YES;
				CLANG_ENABLE_OBJC_ARC = YES;
				CLANG_WARN_BOOL_CONVERSION = YES;
				CLANG_WARN_CONSTANT_CONVERSION = YES;
				CLANG_WARN_DIRECT_OBJC_ISA_USAGE = YES_ERROR;
				CLANG_WARN_EMPTY_BODY = YES;
				CLANG_WARN_ENUM_CONVERSION = YES;
				CLANG_WARN_INT_CONVERSION = YES;
				CLANG_WARN_OBJC_ROOT_CLASS = YES_ERROR;
				CLANG_WARN_UNREACHABLE_CODE = YES;
				CLANG_WARN__DUPLICATE_METHOD_MATCH = YES;
				"CODE_SIGN_IDENTITY[sdk=iphoneos*]" = "iPhone Developer";
				COPY_PHASE_STRIP = NO;
				DEBUG_INFORMATION_FORMAT = "dwarf-with-dsym";
				ENABLE_STRICT_OBJC_MSGSEND = YES;
				GCC_C_LANGUAGE_STANDARD = gnu99;
				GCC_DYNAMIC_NO_PIC = NO;
				GCC_NO_COMMON_BLOCKS = YES;
				GCC_OPTIMIZATION_LEVEL = 0;
				GCC_PREPROCESSOR_DEFINITIONS = (
					"DEBUG=1",
					"$(inherited)",
				);
				GCC_SYMBOLS_PRIVATE_EXTERN = NO;
				GCC_WARN_64_TO_32_BIT_CONVERSION = YES;
				GCC_WARN_ABOUT_RETURN_TYPE = YES_ERROR;
				GCC_WARN_UNDECLARED_SELECTOR = YES;
				GCC_WARN_UNINITIALIZED_AUTOS = YES_AGGRESSIVE;
				GCC_WARN_UNUSED_FUNCTION = YES;
				GCC_WARN_UNUSED_VARIABLE = YES;
				IPHONEOS_DEPLOYMENT_TARGET = 8.3;
				MTL_ENABLE_DEBUG_INFO = YES;
				ONLY_ACTIVE_ARCH = YES;
				SDKROOT = iphoneos;
				TARGETED_DEVICE_FAMILY = "1,2";
			};
			name = Debug;
		};
		A45B78851B335C74002AE5C7 /* Release */ = {
			isa = XCBuildConfiguration;
			buildSettings = {
				ALWAYS_SEARCH_USER_PATHS = NO;
				CLANG_CXX_LANGUAGE_STANDARD = "gnu++0x";
				CLANG_CXX_LIBRARY = "libc++";
				CLANG_ENABLE_MODULES = YES;
				CLANG_ENABLE_OBJC_ARC = YES;
				CLANG_WARN_BOOL_CONVERSION = YES;
				CLANG_WARN_CONSTANT_CONVERSION = YES;
				CLANG_WARN_DIRECT_OBJC_ISA_USAGE = YES_ERROR;
				CLANG_WARN_EMPTY_BODY = YES;
				CLANG_WARN_ENUM_CONVERSION = YES;
				CLANG_WARN_INT_CONVERSION = YES;
				CLANG_WARN_OBJC_ROOT_CLASS = YES_ERROR;
				CLANG_WARN_UNREACHABLE_CODE = YES;
				CLANG_WARN__DUPLICATE_METHOD_MATCH = YES;
				"CODE_SIGN_IDENTITY[sdk=iphoneos*]" = "iPhone Developer";
				COPY_PHASE_STRIP = NO;
				DEBUG_INFORMATION_FORMAT = "dwarf-with-dsym";
				ENABLE_NS_ASSERTIONS = NO;
				ENABLE_STRICT_OBJC_MSGSEND = YES;
				GCC_C_LANGUAGE_STANDARD = gnu99;
				GCC_NO_COMMON_BLOCKS = YES;
				GCC_WARN_64_TO_32_BIT_CONVERSION = YES;
				GCC_WARN_ABOUT_RETURN_TYPE = YES_ERROR;
				GCC_WARN_UNDECLARED_SELECTOR = YES;
				GCC_WARN_UNINITIALIZED_AUTOS = YES_AGGRESSIVE;
				GCC_WARN_UNUSED_FUNCTION = YES;
				GCC_WARN_UNUSED_VARIABLE = YES;
				IPHONEOS_DEPLOYMENT_TARGET = 8.3;
				MTL_ENABLE_DEBUG_INFO = NO;
				SDKROOT = iphoneos;
				TARGETED_DEVICE_FAMILY = "1,2";
				VALIDATE_PRODUCT = YES;
			};
			name = Release;
		};
		A45B78871B335C74002AE5C7 /* Debug */ = {
			isa = XCBuildConfiguration;
			buildSettings = {
				ASSETCATALOG_COMPILER_APPICON_NAME = AppIcon;
				INFOPLIST_FILE = ChessDesk/Info.plist;
				LD_RUNPATH_SEARCH_PATHS = "$(inherited) @executable_path/Frameworks";
				PRODUCT_NAME = "$(TARGET_NAME)";
			};
			name = Debug;
		};
		A45B78881B335C74002AE5C7 /* Release */ = {
			isa = XCBuildConfiguration;
			buildSettings = {
				ASSETCATALOG_COMPILER_APPICON_NAME = AppIcon;
				INFOPLIST_FILE = ChessDesk/Info.plist;
				LD_RUNPATH_SEARCH_PATHS = "$(inherited) @executable_path/Frameworks";
				PRODUCT_NAME = "$(TARGET_NAME)";
			};
			name = Release;
		};
		A45B788A1B335C74002AE5C7 /* Debug */ = {
			isa = XCBuildConfiguration;
			buildSettings = {
				BUNDLE_LOADER = "$(TEST_HOST)";
				FRAMEWORK_SEARCH_PATHS = (
					"$(SDKROOT)/Developer/Library/Frameworks",
					"$(inherited)",
				);
				GCC_PREPROCESSOR_DEFINITIONS = (
					"DEBUG=1",
					"$(inherited)",
				);
				INFOPLIST_FILE = ChessDeskTests/Info.plist;
				LD_RUNPATH_SEARCH_PATHS = "$(inherited) @executable_path/Frameworks @loader_path/Frameworks";
				PRODUCT_NAME = "$(TARGET_NAME)";
				TEST_HOST = "$(BUILT_PRODUCTS_DIR)/ChessDesk.app/ChessDesk";
			};
			name = Debug;
		};
		A45B788B1B335C74002AE5C7 /* Release */ = {
			isa = XCBuildConfiguration;
			buildSettings = {
				BUNDLE_LOADER = "$(TEST_HOST)";
				FRAMEWORK_SEARCH_PATHS = (
					"$(SDKROOT)/Developer/Library/Frameworks",
					"$(inherited)",
				);
				INFOPLIST_FILE = ChessDeskTests/Info.plist;
				LD_RUNPATH_SEARCH_PATHS = "$(inherited) @executable_path/Frameworks @loader_path/Frameworks";
				PRODUCT_NAME = "$(TARGET_NAME)";
				TEST_HOST = "$(BUILT_PRODUCTS_DIR)/ChessDesk.app/ChessDesk";
			};
			name = Release;
		};
/* End XCBuildConfiguration section */

/* Begin XCConfigurationList section */
		A45B785E1B335C74002AE5C7 /* Build configuration list for PBXProject "ChessDesk" */ = {
			isa = XCConfigurationList;
			buildConfigurations = (
				A45B78841B335C74002AE5C7 /* Debug */,
				A45B78851B335C74002AE5C7 /* Release */,
			);
			defaultConfigurationIsVisible = 0;
			defaultConfigurationName = Release;
		};
		A45B78861B335C74002AE5C7 /* Build configuration list for PBXNativeTarget "ChessDesk" */ = {
			isa = XCConfigurationList;
			buildConfigurations = (
				A45B78871B335C74002AE5C7 /* Debug */,
				A45B78881B335C74002AE5C7 /* Release */,
			);
			defaultConfigurationIsVisible = 0;
		};
		A45B78891B335C74002AE5C7 /* Build configuration list for PBXNativeTarget "ChessDeskTests" */ = {
			isa = XCConfigurationList;
			buildConfigurations = (
				A45B788A1B335C74002AE5C7 /* Debug */,
				A45B788B1B335C74002AE5C7 /* Release */,
			);
			defaultConfigurationIsVisible = 0;
		};
/* End XCConfigurationList section */
	};
	rootObject = A45B785B1B335C74002AE5C7 /* Project object */;
}
