// !$*UTF8*$!
{
	archiveVersion = 1;
	classes = {
	};
	objectVersion = 46;
	objects = {

/* Begin PBXBuildFile section */
		A4665BEA1B50532800252834 /* main.m in Sources */ = {isa = PBXBuildFile; fileRef = A4665BE91B50532800252834 /* main.m */; };
		A4665BED1B50532800252834 /* AppDelegate.m in Sources */ = {isa = PBXBuildFile; fileRef = A4665BEC1B50532800252834 /* AppDelegate.m */; };
		A4665BF01B50532800252834 /* ViewController.m in Sources */ = {isa = PBXBuildFile; fileRef = A4665BEF1B50532800252834 /* ViewController.m */; };
		A4665BF31B50532800252834 /* Main.storyboard in Resources */ = {isa = PBXBuildFile; fileRef = A4665BF11B50532800252834 /* Main.storyboard */; };
		A4665BF51B50532800252834 /* Images.xcassets in Resources */ = {isa = PBXBuildFile; fileRef = A4665BF41B50532800252834 /* Images.xcassets */; };
		A4665BF81B50532800252834 /* LaunchScreen.xib in Resources */ = {isa = PBXBuildFile; fileRef = A4665BF61B50532800252834 /* LaunchScreen.xib */; };
		A4665C041B50532900252834 /* UIControlsTests.m in Sources */ = {isa = PBXBuildFile; fileRef = A4665C031B50532900252834 /* UIControlsTests.m */; };
/* End PBXBuildFile section */

/* Begin PBXContainerItemProxy section */
		A4665BFE1B50532800252834 /* PBXContainerItemProxy */ = {
			isa = PBXContainerItemProxy;
			containerPortal = A4665BDC1B50532800252834 /* Project object */;
			proxyType = 1;
			remoteGlobalIDString = A4665BE31B50532800252834;
			remoteInfo = UIControls;
		};
/* End PBXContainerItemProxy section */

/* Begin PBXFileReference section */
		A4665BE41B50532800252834 /* UIControls.app */ = {isa = PBXFileReference; explicitFileType = wrapper.application; includeInIndex = 0; path = UIControls.app; sourceTree = BUILT_PRODUCTS_DIR; };
		A4665BE81B50532800252834 /* Info.plist */ = {isa = PBXFileReference; lastKnownFileType = text.plist.xml; path = Info.plist; sourceTree = "<group>"; };
		A4665BE91B50532800252834 /* main.m */ = {isa = PBXFileReference; lastKnownFileType = sourcecode.c.objc; path = main.m; sourceTree = "<group>"; };
		A4665BEB1B50532800252834 /* AppDelegate.h */ = {isa = PBXFileReference; lastKnownFileType = sourcecode.c.h; path = AppDelegate.h; sourceTree = "<group>"; };
		A4665BEC1B50532800252834 /* AppDelegate.m */ = {isa = PBXFileReference; lastKnownFileType = sourcecode.c.objc; path = AppDelegate.m; sourceTree = "<group>"; };
		A4665BEE1B50532800252834 /* ViewController.h */ = {isa = PBXFileReference; lastKnownFileType = sourcecode.c.h; path = ViewController.h; sourceTree = "<group>"; };
		A4665BEF1B50532800252834 /* ViewController.m */ = {isa = PBXFileReference; lastKnownFileType = sourcecode.c.objc; path = ViewController.m; sourceTree = "<group>"; };
		A4665BF21B50532800252834 /* Base */ = {isa = PBXFileReference; lastKnownFileType = file.storyboard; name = Base; path = Base.lproj/Main.storyboard; sourceTree = "<group>"; };
		A4665BF41B50532800252834 /* Images.xcassets */ = {isa = PBXFileReference; lastKnownFileType = folder.assetcatalog; path = Images.xcassets; sourceTree = "<group>"; };
		A4665BF71B50532800252834 /* Base */ = {isa = PBXFileReference; lastKnownFileType = file.xib; name = Base; path = Base.lproj/LaunchScreen.xib; sourceTree = "<group>"; };
		A4665BFD1B50532800252834 /* UIControlsTests.xctest */ = {isa = PBXFileReference; explicitFileType = wrapper.cfbundle; includeInIndex = 0; path = UIControlsTests.xctest; sourceTree = BUILT_PRODUCTS_DIR; };
		A4665C021B50532800252834 /* Info.plist */ = {isa = PBXFileReference; lastKnownFileType = text.plist.xml; path = Info.plist; sourceTree = "<group>"; };
		A4665C031B50532900252834 /* UIControlsTests.m */ = {isa = PBXFileReference; lastKnownFileType = sourcecode.c.objc; path = UIControlsTests.m; sourceTree = "<group>"; };
/* End PBXFileReference section */

/* Begin PBXFrameworksBuildPhase section */
		A4665BE11B50532800252834 /* Frameworks */ = {
			isa = PBXFrameworksBuildPhase;
			buildActionMask = 2147483647;
			files = (
			);
			runOnlyForDeploymentPostprocessing = 0;
		};
		A4665BFA1B50532800252834 /* Frameworks */ = {
			isa = PBXFrameworksBuildPhase;
			buildActionMask = 2147483647;
			files = (
			);
			runOnlyForDeploymentPostprocessing = 0;
		};
/* End PBXFrameworksBuildPhase section */

/* Begin PBXGroup section */
		A4665BDB1B50532800252834 = {
			isa = PBXGroup;
			children = (
				A4665BE61B50532800252834 /* UIControls */,
				A4665C001B50532800252834 /* UIControlsTests */,
				A4665BE51B50532800252834 /* Products */,
			);
			sourceTree = "<group>";
		};
		A4665BE51B50532800252834 /* Products */ = {
			isa = PBXGroup;
			children = (
				A4665BE41B50532800252834 /* UIControls.app */,
				A4665BFD1B50532800252834 /* UIControlsTests.xctest */,
			);
			name = Products;
			sourceTree = "<group>";
		};
		A4665BE61B50532800252834 /* UIControls */ = {
			isa = PBXGroup;
			children = (
				A4665BEB1B50532800252834 /* AppDelegate.h */,
				A4665BEC1B50532800252834 /* AppDelegate.m */,
				A4665BEE1B50532800252834 /* ViewController.h */,
				A4665BEF1B50532800252834 /* ViewController.m */,
				A4665BF11B50532800252834 /* Main.storyboard */,
				A4665BF41B50532800252834 /* Images.xcassets */,
				A4665BF61B50532800252834 /* LaunchScreen.xib */,
				A4665BE71B50532800252834 /* Supporting Files */,
			);
			path = UIControls;
			sourceTree = "<group>";
		};
		A4665BE71B50532800252834 /* Supporting Files */ = {
			isa = PBXGroup;
			children = (
				A4665BE81B50532800252834 /* Info.plist */,
				A4665BE91B50532800252834 /* main.m */,
			);
			name = "Supporting Files";
			sourceTree = "<group>";
		};
		A4665C001B50532800252834 /* UIControlsTests */ = {
			isa = PBXGroup;
			children = (
				A4665C031B50532900252834 /* UIControlsTests.m */,
				A4665C011B50532800252834 /* Supporting Files */,
			);
			path = UIControlsTests;
			sourceTree = "<group>";
		};
		A4665C011B50532800252834 /* Supporting Files */ = {
			isa = PBXGroup;
			children = (
				A4665C021B50532800252834 /* Info.plist */,
			);
			name = "Supporting Files";
			sourceTree = "<group>";
		};
/* End PBXGroup section */

/* Begin PBXNativeTarget section */
		A4665BE31B50532800252834 /* UIControls */ = {
			isa = PBXNativeTarget;
			buildConfigurationList = A4665C071B50532900252834 /* Build configuration list for PBXNativeTarget "UIControls" */;
			buildPhases = (
				A4665BE01B50532800252834 /* Sources */,
				A4665BE11B50532800252834 /* Frameworks */,
				A4665BE21B50532800252834 /* Resources */,
			);
			buildRules = (
			);
			dependencies = (
			);
			name = UIControls;
			productName = UIControls;
			productReference = A4665BE41B50532800252834 /* UIControls.app */;
			productType = "com.apple.product-type.application";
		};
		A4665BFC1B50532800252834 /* UIControlsTests */ = {
			isa = PBXNativeTarget;
			buildConfigurationList = A4665C0A1B50532900252834 /* Build configuration list for PBXNativeTarget "UIControlsTests" */;
			buildPhases = (
				A4665BF91B50532800252834 /* Sources */,
				A4665BFA1B50532800252834 /* Frameworks */,
				A4665BFB1B50532800252834 /* Resources */,
			);
			buildRules = (
			);
			dependencies = (
				A4665BFF1B50532800252834 /* PBXTargetDependency */,
			);
			name = UIControlsTests;
			productName = UIControlsTests;
			productReference = A4665BFD1B50532800252834 /* UIControlsTests.xctest */;
			productType = "com.apple.product-type.bundle.unit-test";
		};
/* End PBXNativeTarget section */

/* Begin PBXProject section */
		A4665BDC1B50532800252834 /* Project object */ = {
			isa = PBXProject;
			attributes = {
				LastUpgradeCheck = 0640;
				ORGANIZATIONNAME = "Evgeniy Roldukhin";
				TargetAttributes = {
					A4665BE31B50532800252834 = {
						CreatedOnToolsVersion = 6.4;
					};
					A4665BFC1B50532800252834 = {
						CreatedOnToolsVersion = 6.4;
						TestTargetID = A4665BE31B50532800252834;
					};
				};
			};
			buildConfigurationList = A4665BDF1B50532800252834 /* Build configuration list for PBXProject "UIControls" */;
			compatibilityVersion = "Xcode 3.2";
			developmentRegion = English;
			hasScannedForEncodings = 0;
			knownRegions = (
				en,
				Base,
			);
			mainGroup = A4665BDB1B50532800252834;
			productRefGroup = A4665BE51B50532800252834 /* Products */;
			projectDirPath = "";
			projectRoot = "";
			targets = (
				A4665BE31B50532800252834 /* UIControls */,
				A4665BFC1B50532800252834 /* UIControlsTests */,
			);
		};
/* End PBXProject section */

/* Begin PBXResourcesBuildPhase section */
		A4665BE21B50532800252834 /* Resources */ = {
			isa = PBXResourcesBuildPhase;
			buildActionMask = 2147483647;
			files = (
				A4665BF31B50532800252834 /* Main.storyboard in Resources */,
				A4665BF81B50532800252834 /* LaunchScreen.xib in Resources */,
				A4665BF51B50532800252834 /* Images.xcassets in Resources */,
			);
			runOnlyForDeploymentPostprocessing = 0;
		};
		A4665BFB1B50532800252834 /* Resources */ = {
			isa = PBXResourcesBuildPhase;
			buildActionMask = 2147483647;
			files = (
			);
			runOnlyForDeploymentPostprocessing = 0;
		};
/* End PBXResourcesBuildPhase section */

/* Begin PBXSourcesBuildPhase section */
		A4665BE01B50532800252834 /* Sources */ = {
			isa = PBXSourcesBuildPhase;
			buildActionMask = 2147483647;
			files = (
				A4665BF01B50532800252834 /* ViewController.m in Sources */,
				A4665BED1B50532800252834 /* AppDelegate.m in Sources */,
				A4665BEA1B50532800252834 /* main.m in Sources */,
			);
			runOnlyForDeploymentPostprocessing = 0;
		};
		A4665BF91B50532800252834 /* Sources */ = {
			isa = PBXSourcesBuildPhase;
			buildActionMask = 2147483647;
			files = (
				A4665C041B50532900252834 /* UIControlsTests.m in Sources */,
			);
			runOnlyForDeploymentPostprocessing = 0;
		};
/* End PBXSourcesBuildPhase section */

/* Begin PBXTargetDependency section */
		A4665BFF1B50532800252834 /* PBXTargetDependency */ = {
			isa = PBXTargetDependency;
			target = A4665BE31B50532800252834 /* UIControls */;
			targetProxy = A4665BFE1B50532800252834 /* PBXContainerItemProxy */;
		};
/* End PBXTargetDependency section */

/* Begin PBXVariantGroup section */
		A4665BF11B50532800252834 /* Main.storyboard */ = {
			isa = PBXVariantGroup;
			children = (
				A4665BF21B50532800252834 /* Base */,
			);
			name = Main.storyboard;
			sourceTree = "<group>";
		};
		A4665BF61B50532800252834 /* LaunchScreen.xib */ = {
			isa = PBXVariantGroup;
			children = (
				A4665BF71B50532800252834 /* Base */,
			);
			name = LaunchScreen.xib;
			sourceTree = "<group>";
		};
/* End PBXVariantGroup section */

/* Begin XCBuildConfiguration section */
		A4665C051B50532900252834 /* Debug */ = {
			isa = XCBuildConfiguration;
			buildSettings = {
				ALWAYS_SEARCH_USER_PATHS = NO;
				CLANG_CXX_LANGUAGE_STANDARD = "gnu++0x";
				CLANG_CXX_LIBRARY = "libc++";
				CLANG_ENABLE_MODULES = YES;
				CLANG_ENABLE_OBJC_ARC = YES;
				CLANG_WARN_BOOL_CONVERSION = YES;
				CLANG_WARN_CONSTANT_CONVERSION = YES;
				CLANG_WARN_DIRECT_OBJC_ISA_USAGE = YES_ERROR;
				CLANG_WARN_EMPTY_BODY = YES;
				CLANG_WARN_ENUM_CONVERSION = YES;
				CLANG_WARN_INT_CONVERSION = YES;
				CLANG_WARN_OBJC_ROOT_CLASS = YES_ERROR;
				CLANG_WARN_UNREACHABLE_CODE = YES;
				CLANG_WARN__DUPLICATE_METHOD_MATCH = YES;
				"CODE_SIGN_IDENTITY[sdk=iphoneos*]" = "iPhone Developer";
				COPY_PHASE_STRIP = NO;
				DEBUG_INFORMATION_FORMAT = "dwarf-with-dsym";
				ENABLE_STRICT_OBJC_MSGSEND = YES;
				GCC_C_LANGUAGE_STANDARD = gnu99;
				GCC_DYNAMIC_NO_PIC = NO;
				GCC_NO_COMMON_BLOCKS = YES;
				GCC_OPTIMIZATION_LEVEL = 0;
				GCC_PREPROCESSOR_DEFINITIONS = (
					"DEBUG=1",
					"$(inherited)",
				);
				GCC_SYMBOLS_PRIVATE_EXTERN = NO;
				GCC_WARN_64_TO_32_BIT_CONVERSION = YES;
				GCC_WARN_ABOUT_RETURN_TYPE = YES_ERROR;
				GCC_WARN_UNDECLARED_SELECTOR = YES;
				GCC_WARN_UNINITIALIZED_AUTOS = YES_AGGRESSIVE;
				GCC_WARN_UNUSED_FUNCTION = YES;
				GCC_WARN_UNUSED_VARIABLE = YES;
				IPHONEOS_DEPLOYMENT_TARGET = 8.4;
				MTL_ENABLE_DEBUG_INFO = YES;
				ONLY_ACTIVE_ARCH = YES;
				SDKROOT = iphoneos;
				TARGETED_DEVICE_FAMILY = "1,2";
			};
			name = Debug;
		};
		A4665C061B50532900252834 /* Release */ = {
			isa = XCBuildConfiguration;
			buildSettings = {
				ALWAYS_SEARCH_USER_PATHS = NO;
				CLANG_CXX_LANGUAGE_STANDARD = "gnu++0x";
				CLANG_CXX_LIBRARY = "libc++";
				CLANG_ENABLE_MODULES = YES;
				CLANG_ENABLE_OBJC_ARC = YES;
				CLANG_WARN_BOOL_CONVERSION = YES;
				CLANG_WARN_CONSTANT_CONVERSION = YES;
				CLANG_WARN_DIRECT_OBJC_ISA_USAGE = YES_ERROR;
				CLANG_WARN_EMPTY_BODY = YES;
				CLANG_WARN_ENUM_CONVERSION = YES;
				CLANG_WARN_INT_CONVERSION = YES;
				CLANG_WARN_OBJC_ROOT_CLASS = YES_ERROR;
				CLANG_WARN_UNREACHABLE_CODE = YES;
				CLANG_WARN__DUPLICATE_METHOD_MATCH = YES;
				"CODE_SIGN_IDENTITY[sdk=iphoneos*]" = "iPhone Developer";
				COPY_PHASE_STRIP = NO;
				DEBUG_INFORMATION_FORMAT = "dwarf-with-dsym";
				ENABLE_NS_ASSERTIONS = NO;
				ENABLE_STRICT_OBJC_MSGSEND = YES;
				GCC_C_LANGUAGE_STANDARD = gnu99;
				GCC_NO_COMMON_BLOCKS = YES;
				GCC_WARN_64_TO_32_BIT_CONVERSION = YES;
				GCC_WARN_ABOUT_RETURN_TYPE = YES_ERROR;
				GCC_WARN_UNDECLARED_SELECTOR = YES;
				GCC_WARN_UNINITIALIZED_AUTOS = YES_AGGRESSIVE;
				GCC_WARN_UNUSED_FUNCTION = YES;
				GCC_WARN_UNUSED_VARIABLE = YES;
				IPHONEOS_DEPLOYMENT_TARGET = 8.4;
				MTL_ENABLE_DEBUG_INFO = NO;
				SDKROOT = iphoneos;
				TARGETED_DEVICE_FAMILY = "1,2";
				VALIDATE_PRODUCT = YES;
			};
			name = Release;
		};
		A4665C081B50532900252834 /* Debug */ = {
			isa = XCBuildConfiguration;
			buildSettings = {
				ASSETCATALOG_COMPILER_APPICON_NAME = AppIcon;
				INFOPLIST_FILE = UIControls/Info.plist;
				LD_RUNPATH_SEARCH_PATHS = "$(inherited) @executable_path/Frameworks";
				PRODUCT_NAME = "$(TARGET_NAME)";
			};
			name = Debug;
		};
		A4665C091B50532900252834 /* Release */ = {
			isa = XCBuildConfiguration;
			buildSettings = {
				ASSETCATALOG_COMPILER_APPICON_NAME = AppIcon;
				INFOPLIST_FILE = UIControls/Info.plist;
				LD_RUNPATH_SEARCH_PATHS = "$(inherited) @executable_path/Frameworks";
				PRODUCT_NAME = "$(TARGET_NAME)";
			};
			name = Release;
		};
		A4665C0B1B50532900252834 /* Debug */ = {
			isa = XCBuildConfiguration;
			buildSettings = {
				BUNDLE_LOADER = "$(TEST_HOST)";
				FRAMEWORK_SEARCH_PATHS = (
					"$(SDKROOT)/Developer/Library/Frameworks",
					"$(inherited)",
				);
				GCC_PREPROCESSOR_DEFINITIONS = (
					"DEBUG=1",
					"$(inherited)",
				);
				INFOPLIST_FILE = UIControlsTests/Info.plist;
				LD_RUNPATH_SEARCH_PATHS = "$(inherited) @executable_path/Frameworks @loader_path/Frameworks";
				PRODUCT_NAME = "$(TARGET_NAME)";
				TEST_HOST = "$(BUILT_PRODUCTS_DIR)/UIControls.app/UIControls";
			};
			name = Debug;
		};
		A4665C0C1B50532900252834 /* Release */ = {
			isa = XCBuildConfiguration;
			buildSettings = {
				BUNDLE_LOADER = "$(TEST_HOST)";
				FRAMEWORK_SEARCH_PATHS = (
					"$(SDKROOT)/Developer/Library/Frameworks",
					"$(inherited)",
				);
				INFOPLIST_FILE = UIControlsTests/Info.plist;
				LD_RUNPATH_SEARCH_PATHS = "$(inherited) @executable_path/Frameworks @loader_path/Frameworks";
				PRODUCT_NAME = "$(TARGET_NAME)";
				TEST_HOST = "$(BUILT_PRODUCTS_DIR)/UIControls.app/UIControls";
			};
			name = Release;
		};
/* End XCBuildConfiguration section */

/* Begin XCConfigurationList section */
		A4665BDF1B50532800252834 /* Build configuration list for PBXProject "UIControls" */ = {
			isa = XCConfigurationList;
			buildConfigurations = (
				A4665C051B50532900252834 /* Debug */,
				A4665C061B50532900252834 /* Release */,
			);
			defaultConfigurationIsVisible = 0;
			defaultConfigurationName = Release;
		};
		A4665C071B50532900252834 /* Build configuration list for PBXNativeTarget "UIControls" */ = {
			isa = XCConfigurationList;
			buildConfigurations = (
				A4665C081B50532900252834 /* Debug */,
				A4665C091B50532900252834 /* Release */,
			);
			defaultConfigurationIsVisible = 0;
		};
		A4665C0A1B50532900252834 /* Build configuration list for PBXNativeTarget "UIControlsTests" */ = {
			isa = XCConfigurationList;
			buildConfigurations = (
				A4665C0B1B50532900252834 /* Debug */,
				A4665C0C1B50532900252834 /* Release */,
			);
			defaultConfigurationIsVisible = 0;
		};
/* End XCConfigurationList section */
	};
	rootObject = A4665BDC1B50532800252834 /* Project object */;
}
